
Microsoft Visual Studio Solution File, Format Version 12.00
# Visual Studio Version 17
VisualStudioVersion = 17.8.34525.116
MinimumVisualStudioVersion = 10.0.40219.1
Project("{9A19103F-16F7-4668-BE54-9A1E7A4F7556}") = "eKancelaria", "eKancelaria.csproj", "{CDC889D5-2ECB-403C-8275-8AFD4FA558A4}"
EndProject
Project("{9A19103F-16F7-4668-BE54-9A1E7A4F7556}") = "ConsoleApp1", "..\ConsoleApp1\ConsoleApp1.csproj", "{7AC4079F-112A-4F19-AC64-58814F41CA5D}"
EndProject
Project("{9A19103F-16F7-4668-BE54-9A1E7A4F7556}") = "eCourt", "..\eCourt\eCourt.csproj", "{64EFA133-BDB1-410C-8F34-8A88CE172CD2}"
EndProject
Project("{9A19103F-16F7-4668-BE54-9A1E7A4F7556}") = "LegalOffice.Domain", "..\LegalOffice.Domain\LegalOffice.Domain.csproj", "{00434B54-4C11-492D-B937-137A0C083065}"
EndProject
Project("{9A19103F-16F7-4668-BE54-9A1E7A4F7556}") = "LegalOffice.Repository", "..\LegalOffice.Repository\LegalOffice.Repository.csproj", "{5F7EA7B6-6B6E-4BC6-849C-7F7D62C9AC91}"
EndProject
Project("{9A19103F-16F7-4668-BE54-9A1E7A4F7556}") = "LegalOffice.Services", "..\LegalOffice.Services\LegalOffice.Services.csproj", "{5277F893-0F51-408B-8B1A-13925B5024FB}"
EndProject
Project("{9A19103F-16F7-4668-BE54-9A1E7A4F7556}") = "GusApi", "..\GusApi\GusApi.csproj", "{C6CC0CB2-D727-474F-B62B-2C15988D2C45}"
EndProject
Global
	GlobalSection(SolutionConfigurationPlatforms) = preSolution
		Debug|Any CPU = Debug|Any CPU
		Release|Any CPU = Release|Any CPU
	EndGlobalSection
	GlobalSection(ProjectConfigurationPlatforms) = postSolution
		{CDC889D5-2ECB-403C-8275-8AFD4FA558A4}.Debug|Any CPU.ActiveCfg = Debug|Any CPU
		{CDC889D5-2ECB-403C-8275-8AFD4FA558A4}.Debug|Any CPU.Build.0 = Debug|Any CPU
		{CDC889D5-2ECB-403C-8275-8AFD4FA558A4}.Release|Any CPU.ActiveCfg = Release|Any CPU
		{CDC889D5-2ECB-403C-8275-8AFD4FA558A4}.Release|Any CPU.Build.0 = Release|Any CPU
		{7AC4079F-112A-4F19-AC64-58814F41CA5D}.Debug|Any CPU.ActiveCfg = Debug|Any CPU
		{7AC4079F-112A-4F19-AC64-58814F41CA5D}.Debug|Any CPU.Build.0 = Debug|Any CPU
		{7AC4079F-112A-4F19-AC64-58814F41CA5D}.Release|Any CPU.ActiveCfg = Release|Any CPU
		{7AC4079F-112A-4F19-AC64-58814F41CA5D}.Release|Any CPU.Build.0 = Release|Any CPU
		{64EFA133-BDB1-410C-8F34-8A88CE172CD2}.Debug|Any CPU.ActiveCfg = Debug|Any CPU
		{64EFA133-BDB1-410C-8F34-8A88CE172CD2}.Debug|Any CPU.Build.0 = Debug|Any CPU
		{64EFA133-BDB1-410C-8F34-8A88CE172CD2}.Release|Any CPU.ActiveCfg = Release|Any CPU
		{64EFA133-BDB1-410C-8F34-8A88CE172CD2}.Release|Any CPU.Build.0 = Release|Any CPU
		{00434B54-4C11-492D-B937-137A0C083065}.Debug|Any CPU.ActiveCfg = Debug|Any CPU
		{00434B54-4C11-492D-B937-137A0C083065}.Debug|Any CPU.Build.0 = Debug|Any CPU
		{00434B54-4C11-492D-B937-137A0C083065}.Release|Any CPU.ActiveCfg = Release|Any CPU
		{00434B54-4C11-492D-B937-137A0C083065}.Release|Any CPU.Build.0 = Release|Any CPU
		{5F7EA7B6-6B6E-4BC6-849C-7F7D62C9AC91}.Debug|Any CPU.ActiveCfg = Debug|Any CPU
		{5F7EA7B6-6B6E-4BC6-849C-7F7D62C9AC91}.Debug|Any CPU.Build.0 = Debug|Any CPU
		{5F7EA7B6-6B6E-4BC6-849C-7F7D62C9AC91}.Release|Any CPU.ActiveCfg = Release|Any CPU
		{5F7EA7B6-6B6E-4BC6-849C-7F7D62C9AC91}.Release|Any CPU.Build.0 = Release|Any CPU
		{5277F893-0F51-408B-8B1A-13925B5024FB}.Debug|Any CPU.ActiveCfg = Debug|Any CPU
		{5277F893-0F51-408B-8B1A-13925B5024FB}.Debug|Any CPU.Build.0 = Debug|Any CPU
		{5277F893-0F51-408B-8B1A-13925B5024FB}.Release|Any CPU.ActiveCfg = Release|Any CPU
		{5277F893-0F51-408B-8B1A-13925B5024FB}.Release|Any CPU.Build.0 = Release|Any CPU
		{C6CC0CB2-D727-474F-B62B-2C15988D2C45}.Debug|Any CPU.ActiveCfg = Debug|Any CPU
		{C6CC0CB2-D727-474F-B62B-2C15988D2C45}.Debug|Any CPU.Build.0 = Debug|Any CPU
		{C6CC0CB2-D727-474F-B62B-2C15988D2C45}.Release|Any CPU.ActiveCfg = Release|Any CPU
		{C6CC0CB2-D727-474F-B62B-2C15988D2C45}.Release|Any CPU.Build.0 = Release|Any CPU
	EndGlobalSection
	GlobalSection(SolutionProperties) = preSolution
		HideSolutionNode = FALSE
	EndGlobalSection
	GlobalSection(ExtensibilityGlobals) = postSolution
		SolutionGuid = {6F2F0218-00E8-4CCD-B98E-C5793C512260}
	EndGlobalSection
EndGlobal
